
Microsoft Visual Studio Solution File, Format Version 12.00
# Visual Studio Version 17
VisualStudioVersion = 17.8.34330.188
MinimumVisualStudioVersion = 10.0.40219.1
Project("{FAE04EC0-301F-11D3-BF4B-00C04F79EFBC}") = "Veri alg. 1", "Veri alg. 1\Veri alg. 1.csproj", "{72C09804-818E-4609-8162-E177A32831B0}"
EndProject
Global
	GlobalSection(SolutionConfigurationPlatforms) = preSolution
		Debug|Any CPU = Debug|Any CPU
		Release|Any CPU = Release|Any CPU
	EndGlobalSection
	GlobalSection(ProjectConfigurationPlatforms) = postSolution
		{72C09804-818E-4609-8162-E177A32831B0}.Debug|Any CPU.ActiveCfg = Debug|Any CPU
		{72C09804-818E-4609-8162-E177A32831B0}.Debug|Any CPU.Build.0 = Debug|Any CPU
		{72C09804-818E-4609-8162-E177A32831B0}.Release|Any CPU.ActiveCfg = Release|Any CPU
		{72C09804-818E-4609-8162-E177A32831B0}.Release|Any CPU.Build.0 = Release|Any CPU
	EndGlobalSection
	GlobalSection(SolutionProperties) = preSolution
		HideSolutionNode = FALSE
	EndGlobalSection
	GlobalSection(ExtensibilityGlobals) = postSolution
		SolutionGuid = {4783D6F4-CC7D-451C-9FEC-1D39C248425D}
	EndGlobalSection
EndGlobal
